// !$*UTF8*$!
{
	archiveVersion = 1;
	classes = {
	};
	objectVersion = 55;
	objects = {

/* Begin PBXBuildFile section */
		F52C9A56279B2D0400C0DB7A /* AppDelegate.swift in Sources */ = {isa = PBXBuildFile; fileRef = F52C9A55279B2D0400C0DB7A /* AppDelegate.swift */; };
		F52C9A58279B2D0400C0DB7A /* SceneDelegate.swift in Sources */ = {isa = PBXBuildFile; fileRef = F52C9A57279B2D0400C0DB7A /* SceneDelegate.swift */; };
		F52C9A5A279B2D0400C0DB7A /* ViewController.swift in Sources */ = {isa = PBXBuildFile; fileRef = F52C9A59279B2D0400C0DB7A /* ViewController.swift */; };
		F52C9A5D279B2D0400C0DB7A /* Main.storyboard in Resources */ = {isa = PBXBuildFile; fileRef = F52C9A5B279B2D0400C0DB7A /* Main.storyboard */; };
		F52C9A60279B2D0400C0DB7A /* ToDoApp.xcdatamodeld in Sources */ = {isa = PBXBuildFile; fileRef = F52C9A5E279B2D0400C0DB7A /* ToDoApp.xcdatamodeld */; };
		F52C9A62279B2D0700C0DB7A /* Assets.xcassets in Resources */ = {isa = PBXBuildFile; fileRef = F52C9A61279B2D0700C0DB7A /* Assets.xcassets */; };
		F52C9A65279B2D0700C0DB7A /* LaunchScreen.storyboard in Resources */ = {isa = PBXBuildFile; fileRef = F52C9A63279B2D0700C0DB7A /* LaunchScreen.storyboard */; };
		F52C9A6F279B36B400C0DB7A /* HomeViewController.swift in Sources */ = {isa = PBXBuildFile; fileRef = F52C9A6E279B36B400C0DB7A /* HomeViewController.swift */; };
		F52C9A71279B375000C0DB7A /* TaskTableViewCell.swift in Sources */ = {isa = PBXBuildFile; fileRef = F52C9A70279B375000C0DB7A /* TaskTableViewCell.swift */; };
		F52C9A73279B3A4B00C0DB7A /* AddTaskViewController.swift in Sources */ = {isa = PBXBuildFile; fileRef = F52C9A72279B3A4B00C0DB7A /* AddTaskViewController.swift */; };
		F52C9A75279B3A5900C0DB7A /* UpdateTaskViewController.swift in Sources */ = {isa = PBXBuildFile; fileRef = F52C9A74279B3A5900C0DB7A /* UpdateTaskViewController.swift */; };
/* End PBXBuildFile section */

/* Begin PBXFileReference section */
		F52C9A52279B2D0400C0DB7A /* ToDoApp.app */ = {isa = PBXFileReference; explicitFileType = wrapper.application; includeInIndex = 0; path = ToDoApp.app; sourceTree = BUILT_PRODUCTS_DIR; };
		F52C9A55279B2D0400C0DB7A /* AppDelegate.swift */ = {isa = PBXFileReference; lastKnownFileType = sourcecode.swift; path = AppDelegate.swift; sourceTree = "<group>"; };
		F52C9A57279B2D0400C0DB7A /* SceneDelegate.swift */ = {isa = PBXFileReference; lastKnownFileType = sourcecode.swift; path = SceneDelegate.swift; sourceTree = "<group>"; };
		F52C9A59279B2D0400C0DB7A /* ViewController.swift */ = {isa = PBXFileReference; lastKnownFileType = sourcecode.swift; path = ViewController.swift; sourceTree = "<group>"; };
		F52C9A5C279B2D0400C0DB7A /* Base */ = {isa = PBXFileReference; lastKnownFileType = file.storyboard; name = Base; path = Base.lproj/Main.storyboard; sourceTree = "<group>"; };
		F52C9A5F279B2D0400C0DB7A /* ToDoApp.xcdatamodel */ = {isa = PBXFileReference; lastKnownFileType = wrapper.xcdatamodel; path = ToDoApp.xcdatamodel; sourceTree = "<group>"; };
		F52C9A61279B2D0700C0DB7A /* Assets.xcassets */ = {isa = PBXFileReference; lastKnownFileType = folder.assetcatalog; path = Assets.xcassets; sourceTree = "<group>"; };
		F52C9A64279B2D0700C0DB7A /* Base */ = {isa = PBXFileReference; lastKnownFileType = file.storyboard; name = Base; path = Base.lproj/LaunchScreen.storyboard; sourceTree = "<group>"; };
		F52C9A66279B2D0700C0DB7A /* Info.plist */ = {isa = PBXFileReference; lastKnownFileType = text.plist.xml; path = Info.plist; sourceTree = "<group>"; };
		F52C9A6E279B36B400C0DB7A /* HomeViewController.swift */ = {isa = PBXFileReference; lastKnownFileType = sourcecode.swift; path = HomeViewController.swift; sourceTree = "<group>"; };
		F52C9A70279B375000C0DB7A /* TaskTableViewCell.swift */ = {isa = PBXFileReference; lastKnownFileType = sourcecode.swift; path = TaskTableViewCell.swift; sourceTree = "<group>"; };
		F52C9A72279B3A4B00C0DB7A /* AddTaskViewController.swift */ = {isa = PBXFileReference; lastKnownFileType = sourcecode.swift; path = AddTaskViewController.swift; sourceTree = "<group>"; };
		F52C9A74279B3A5900C0DB7A /* UpdateTaskViewController.swift */ = {isa = PBXFileReference; lastKnownFileType = sourcecode.swift; path = UpdateTaskViewController.swift; sourceTree = "<group>"; };
/* End PBXFileReference section */

/* Begin PBXFrameworksBuildPhase section */
		F52C9A4F279B2D0400C0DB7A /* Frameworks */ = {
			isa = PBXFrameworksBuildPhase;
			buildActionMask = 2147483647;
			files = (
			);
			runOnlyForDeploymentPostprocessing = 0;
		};
/* End PBXFrameworksBuildPhase section */

/* Begin PBXGroup section */
		F52C9A49279B2D0400C0DB7A = {
			isa = PBXGroup;
			children = (
				F52C9A54279B2D0400C0DB7A /* ToDoApp */,
				F52C9A53279B2D0400C0DB7A /* Products */,
			);
			sourceTree = "<group>";
		};
		F52C9A53279B2D0400C0DB7A /* Products */ = {
			isa = PBXGroup;
			children = (
				F52C9A52279B2D0400C0DB7A /* ToDoApp.app */,
			);
			name = Products;
			sourceTree = "<group>";
		};
		F52C9A54279B2D0400C0DB7A /* ToDoApp */ = {
			isa = PBXGroup;
			children = (
				F52C9A55279B2D0400C0DB7A /* AppDelegate.swift */,
				F52C9A57279B2D0400C0DB7A /* SceneDelegate.swift */,
				F52C9A59279B2D0400C0DB7A /* ViewController.swift */,
				F52C9A5B279B2D0400C0DB7A /* Main.storyboard */,
				F52C9A61279B2D0700C0DB7A /* Assets.xcassets */,
				F52C9A63279B2D0700C0DB7A /* LaunchScreen.storyboard */,
				F52C9A66279B2D0700C0DB7A /* Info.plist */,
				F52C9A5E279B2D0400C0DB7A /* ToDoApp.xcdatamodeld */,
				F52C9A6E279B36B400C0DB7A /* HomeViewController.swift */,
				F52C9A70279B375000C0DB7A /* TaskTableViewCell.swift */,
				F52C9A72279B3A4B00C0DB7A /* AddTaskViewController.swift */,
				F52C9A74279B3A5900C0DB7A /* UpdateTaskViewController.swift */,
			);
			path = ToDoApp;
			sourceTree = "<group>";
		};
/* End PBXGroup section */

/* Begin PBXNativeTarget section */
		F52C9A51279B2D0400C0DB7A /* ToDoApp */ = {
			isa = PBXNativeTarget;
			buildConfigurationList = F52C9A69279B2D0700C0DB7A /* Build configuration list for PBXNativeTarget "ToDoApp" */;
			buildPhases = (
				F52C9A4E279B2D0400C0DB7A /* Sources */,
				F52C9A4F279B2D0400C0DB7A /* Frameworks */,
				F52C9A50279B2D0400C0DB7A /* Resources */,
			);
			buildRules = (
			);
			dependencies = (
			);
			name = ToDoApp;
			productName = ToDoApp;
			productReference = F52C9A52279B2D0400C0DB7A /* ToDoApp.app */;
			productType = "com.apple.product-type.application";
		};
/* End PBXNativeTarget section */

/* Begin PBXProject section */
		F52C9A4A279B2D0400C0DB7A /* Project object */ = {
			isa = PBXProject;
			attributes = {
				BuildIndependentTargetsInParallel = 1;
				LastSwiftUpdateCheck = 1320;
				LastUpgradeCheck = 1320;
				TargetAttributes = {
					F52C9A51279B2D0400C0DB7A = {
						CreatedOnToolsVersion = 13.2.1;
					};
				};
			};
			buildConfigurationList = F52C9A4D279B2D0400C0DB7A /* Build configuration list for PBXProject "ToDoApp" */;
			compatibilityVersion = "Xcode 13.0";
			developmentRegion = en;
			hasScannedForEncodings = 0;
			knownRegions = (
				en,
				Base,
			);
			mainGroup = F52C9A49279B2D0400C0DB7A;
			productRefGroup = F52C9A53279B2D0400C0DB7A /* Products */;
			projectDirPath = "";
			projectRoot = "";
			targets = (
				F52C9A51279B2D0400C0DB7A /* ToDoApp */,
			);
		};
/* End PBXProject section */

/* Begin PBXResourcesBuildPhase section */
		F52C9A50279B2D0400C0DB7A /* Resources */ = {
			isa = PBXResourcesBuildPhase;
			buildActionMask = 2147483647;
			files = (
				F52C9A65279B2D0700C0DB7A /* LaunchScreen.storyboard in Resources */,
				F52C9A62279B2D0700C0DB7A /* Assets.xcassets in Resources */,
				F52C9A5D279B2D0400C0DB7A /* Main.storyboard in Resources */,
			);
			runOnlyForDeploymentPostprocessing = 0;
		};
/* End PBXResourcesBuildPhase section */

/* Begin PBXSourcesBuildPhase section */
		F52C9A4E279B2D0400C0DB7A /* Sources */ = {
			isa = PBXSourcesBuildPhase;
			buildActionMask = 2147483647;
			files = (
				F52C9A6F279B36B400C0DB7A /* HomeViewController.swift in Sources */,
				F52C9A5A279B2D0400C0DB7A /* ViewController.swift in Sources */,
				F52C9A71279B375000C0DB7A /* TaskTableViewCell.swift in Sources */,
				F52C9A56279B2D0400C0DB7A /* AppDelegate.swift in Sources */,
				F52C9A58279B2D0400C0DB7A /* SceneDelegate.swift in Sources */,
				F52C9A60279B2D0400C0DB7A /* ToDoApp.xcdatamodeld in Sources */,
				F52C9A75279B3A5900C0DB7A /* UpdateTaskViewController.swift in Sources */,
				F52C9A73279B3A4B00C0DB7A /* AddTaskViewController.swift in Sources */,
			);
			runOnlyForDeploymentPostprocessing = 0;
		};
/* End PBXSourcesBuildPhase section */

/* Begin PBXVariantGroup section */
		F52C9A5B279B2D0400C0DB7A /* Main.storyboard */ = {
			isa = PBXVariantGroup;
			children = (
				F52C9A5C279B2D0400C0DB7A /* Base */,
			);
			name = Main.storyboard;
			sourceTree = "<group>";
		};
		F52C9A63279B2D0700C0DB7A /* LaunchScreen.storyboard */ = {
			isa = PBXVariantGroup;
			children = (
				F52C9A64279B2D0700C0DB7A /* Base */,
			);
			name = LaunchScreen.storyboard;
			sourceTree = "<group>";
		};
/* End PBXVariantGroup section */

/* Begin XCBuildConfiguration section */
		F52C9A67279B2D0700C0DB7A /* Debug */ = {
			isa = XCBuildConfiguration;
			buildSettings = {
				ALWAYS_SEARCH_USER_PATHS = NO;
				CLANG_ANALYZER_NONNULL = YES;
				CLANG_ANALYZER_NUMBER_OBJECT_CONVERSION = YES_AGGRESSIVE;
				CLANG_CXX_LANGUAGE_STANDARD = "gnu++17";
				CLANG_CXX_LIBRARY = "libc++";
				CLANG_ENABLE_MODULES = YES;
				CLANG_ENABLE_OBJC_ARC = YES;
				CLANG_ENABLE_OBJC_WEAK = YES;
				CLANG_WARN_BLOCK_CAPTURE_AUTORELEASING = YES;
				CLANG_WARN_BOOL_CONVERSION = YES;
				CLANG_WARN_COMMA = YES;
				CLANG_WARN_CONSTANT_CONVERSION = YES;
				CLANG_WARN_DEPRECATED_OBJC_IMPLEMENTATIONS = YES;
				CLANG_WARN_DIRECT_OBJC_ISA_USAGE = YES_ERROR;
				CLANG_WARN_DOCUMENTATION_COMMENTS = YES;
				CLANG_WARN_EMPTY_BODY = YES;
				CLANG_WARN_ENUM_CONVERSION = YES;
				CLANG_WARN_INFINITE_RECURSION = YES;
				CLANG_WARN_INT_CONVERSION = YES;
				CLANG_WARN_NON_LITERAL_NULL_CONVERSION = YES;
				CLANG_WARN_OBJC_IMPLICIT_RETAIN_SELF = YES;
				CLANG_WARN_OBJC_LITERAL_CONVERSION = YES;
				CLANG_WARN_OBJC_ROOT_CLASS = YES_ERROR;
				CLANG_WARN_QUOTED_INCLUDE_IN_FRAMEWORK_HEADER = YES;
				CLANG_WARN_RANGE_LOOP_ANALYSIS = YES;
				CLANG_WARN_STRICT_PROTOTYPES = YES;
				CLANG_WARN_SUSPICIOUS_MOVE = YES;
				CLANG_WARN_UNGUARDED_AVAILABILITY = YES_AGGRESSIVE;
				CLANG_WARN_UNREACHABLE_CODE = YES;
				CLANG_WARN__DUPLICATE_METHOD_MATCH = YES;
				COPY_PHASE_STRIP = NO;
				DEBUG_INFORMATION_FORMAT = dwarf;
				ENABLE_STRICT_OBJC_MSGSEND = YES;
				ENABLE_TESTABILITY = YES;
				GCC_C_LANGUAGE_STANDARD = gnu11;
				GCC_DYNAMIC_NO_PIC = NO;
				GCC_NO_COMMON_BLOCKS = YES;
				GCC_OPTIMIZATION_LEVEL = 0;
				GCC_PREPROCESSOR_DEFINITIONS = (
					"DEBUG=1",
					"$(inherited)",
				);
				GCC_WARN_64_TO_32_BIT_CONVERSION = YES;
				GCC_WARN_ABOUT_RETURN_TYPE = YES_ERROR;
				GCC_WARN_UNDECLARED_SELECTOR = YES;
				GCC_WARN_UNINITIALIZED_AUTOS = YES_AGGRESSIVE;
				GCC_WARN_UNUSED_FUNCTION = YES;
				GCC_WARN_UNUSED_VARIABLE = YES;
				IPHONEOS_DEPLOYMENT_TARGET = 15.2;
				MTL_ENABLE_DEBUG_INFO = INCLUDE_SOURCE;
				MTL_FAST_MATH = YES;
				ONLY_ACTIVE_ARCH = YES;
				SDKROOT = iphoneos;
				SWIFT_ACTIVE_COMPILATION_CONDITIONS = DEBUG;
				SWIFT_OPTIMIZATION_LEVEL = "-Onone";
			};
			name = Debug;
		};
		F52C9A68279B2D0700C0DB7A /* Release */ = {
			isa = XCBuildConfiguration;
			buildSettings = {
				ALWAYS_SEARCH_USER_PATHS = NO;
				CLANG_ANALYZER_NONNULL = YES;
				CLANG_ANALYZER_NUMBER_OBJECT_CONVERSION = YES_AGGRESSIVE;
				CLANG_CXX_LANGUAGE_STANDARD = "gnu++17";
				CLANG_CXX_LIBRARY = "libc++";
				CLANG_ENABLE_MODULES = YES;
				CLANG_ENABLE_OBJC_ARC = YES;
				CLANG_ENABLE_OBJC_WEAK = YES;
				CLANG_WARN_BLOCK_CAPTURE_AUTORELEASING = YES;
				CLANG_WARN_BOOL_CONVERSION = YES;
				CLANG_WARN_COMMA = YES;
				CLANG_WARN_CONSTANT_CONVERSION = YES;
				CLANG_WARN_DEPRECATED_OBJC_IMPLEMENTATIONS = YES;
				CLANG_WARN_DIRECT_OBJC_ISA_USAGE = YES_ERROR;
				CLANG_WARN_DOCUMENTATION_COMMENTS = YES;
				CLANG_WARN_EMPTY_BODY = YES;
				CLANG_WARN_ENUM_CONVERSION = YES;
				CLANG_WARN_INFINITE_RECURSION = YES;
				CLANG_WARN_INT_CONVERSION = YES;
				CLANG_WARN_NON_LITERAL_NULL_CONVERSION = YES;
				CLANG_WARN_OBJC_IMPLICIT_RETAIN_SELF = YES;
				CLANG_WARN_OBJC_LITERAL_CONVERSION = YES;
				CLANG_WARN_OBJC_ROOT_CLASS = YES_ERROR;
				CLANG_WARN_QUOTED_INCLUDE_IN_FRAMEWORK_HEADER = YES;
				CLANG_WARN_RANGE_LOOP_ANALYSIS = YES;
				CLANG_WARN_STRICT_PROTOTYPES = YES;
				CLANG_WARN_SUSPICIOUS_MOVE = YES;
				CLANG_WARN_UNGUARDED_AVAILABILITY = YES_AGGRESSIVE;
				CLANG_WARN_UNREACHABLE_CODE = YES;
				CLANG_WARN__DUPLICATE_METHOD_MATCH = YES;
				COPY_PHASE_STRIP = NO;
				DEBUG_INFORMATION_FORMAT = "dwarf-with-dsym";
				ENABLE_NS_ASSERTIONS = NO;
				ENABLE_STRICT_OBJC_MSGSEND = YES;
				GCC_C_LANGUAGE_STANDARD = gnu11;
				GCC_NO_COMMON_BLOCKS = YES;
				GCC_WARN_64_TO_32_BIT_CONVERSION = YES;
				GCC_WARN_ABOUT_RETURN_TYPE = YES_ERROR;
				GCC_WARN_UNDECLARED_SELECTOR = YES;
				GCC_WARN_UNINITIALIZED_AUTOS = YES_AGGRESSIVE;
				GCC_WARN_UNUSED_FUNCTION = YES;
				GCC_WARN_UNUSED_VARIABLE = YES;
				IPHONEOS_DEPLOYMENT_TARGET = 15.2;
				MTL_ENABLE_DEBUG_INFO = NO;
				MTL_FAST_MATH = YES;
				SDKROOT = iphoneos;
				SWIFT_COMPILATION_MODE = wholemodule;
				SWIFT_OPTIMIZATION_LEVEL = "-O";
				VALIDATE_PRODUCT = YES;
			};
			name = Release;
		};
		F52C9A6A279B2D0700C0DB7A /* Debug */ = {
			isa = XCBuildConfiguration;
			buildSettings = {
				ASSETCATALOG_COMPILER_APPICON_NAME = AppIcon;
				ASSETCATALOG_COMPILER_GLOBAL_ACCENT_COLOR_NAME = AccentColor;
				CODE_SIGN_STYLE = Automatic;
				CURRENT_PROJECT_VERSION = 1;
				GENERATE_INFOPLIST_FILE = YES;
				INFOPLIST_FILE = ToDoApp/Info.plist;
				INFOPLIST_KEY_UIApplicationSupportsIndirectInputEvents = YES;
				INFOPLIST_KEY_UILaunchStoryboardName = LaunchScreen;
				INFOPLIST_KEY_UIMainStoryboardFile = Main;
				INFOPLIST_KEY_UISupportedInterfaceOrientations_iPad = "UIInterfaceOrientationPortrait UIInterfaceOrientationPortraitUpsideDown UIInterfaceOrientationLandscapeLeft UIInterfaceOrientationLandscapeRight";
				INFOPLIST_KEY_UISupportedInterfaceOrientations_iPhone = "UIInterfaceOrientationPortrait UIInterfaceOrientationLandscapeLeft UIInterfaceOrientationLandscapeRight";
				LD_RUNPATH_SEARCH_PATHS = (
					"$(inherited)",
					"@executable_path/Frameworks",
				);
				MARKETING_VERSION = 1.0;
				PRODUCT_BUNDLE_IDENTIFIER = info.ToDoApp;
				PRODUCT_NAME = "$(TARGET_NAME)";
				SWIFT_EMIT_LOC_STRINGS = YES;
				SWIFT_VERSION = 5.0;
				TARGETED_DEVICE_FAMILY = "1,2";
			};
			name = Debug;
		};
		F52C9A6B279B2D0700C0DB7A /* Release */ = {
			isa = XCBuildConfiguration;
			buildSettings = {
				ASSETCATALOG_COMPILER_APPICON_NAME = AppIcon;
				ASSETCATALOG_COMPILER_GLOBAL_ACCENT_COLOR_NAME = AccentColor;
				CODE_SIGN_STYLE = Automatic;
				CURRENT_PROJECT_VERSION = 1;
				GENERATE_INFOPLIST_FILE = YES;
				INFOPLIST_FILE = ToDoApp/Info.plist;
				INFOPLIST_KEY_UIApplicationSupportsIndirectInputEvents = YES;
				INFOPLIST_KEY_UILaunchStoryboardName = LaunchScreen;
				INFOPLIST_KEY_UIMainStoryboardFile = Main;
				INFOPLIST_KEY_UISupportedInterfaceOrientations_iPad = "UIInterfaceOrientationPortrait UIInterfaceOrientationPortraitUpsideDown UIInterfaceOrientationLandscapeLeft UIInterfaceOrientationLandscapeRight";
				INFOPLIST_KEY_UISupportedInterfaceOrientations_iPhone = "UIInterfaceOrientationPortrait UIInterfaceOrientationLandscapeLeft UIInterfaceOrientationLandscapeRight";
				LD_RUNPATH_SEARCH_PATHS = (
					"$(inherited)",
					"@executable_path/Frameworks",
				);
				MARKETING_VERSION = 1.0;
				PRODUCT_BUNDLE_IDENTIFIER = info.ToDoApp;
				PRODUCT_NAME = "$(TARGET_NAME)";
				SWIFT_EMIT_LOC_STRINGS = YES;
				SWIFT_VERSION = 5.0;
				TARGETED_DEVICE_FAMILY = "1,2";
			};
			name = Release;
		};
/* End XCBuildConfiguration section */

/* Begin XCConfigurationList section */
		F52C9A4D279B2D0400C0DB7A /* Build configuration list for PBXProject "ToDoApp" */ = {
			isa = XCConfigurationList;
			buildConfigurations = (
				F52C9A67279B2D0700C0DB7A /* Debug */,
				F52C9A68279B2D0700C0DB7A /* Release */,
			);
			defaultConfigurationIsVisible = 0;
			defaultConfigurationName = Release;
		};
		F52C9A69279B2D0700C0DB7A /* Build configuration list for PBXNativeTarget "ToDoApp" */ = {
			isa = XCConfigurationList;
			buildConfigurations = (
				F52C9A6A279B2D0700C0DB7A /* Debug */,
				F52C9A6B279B2D0700C0DB7A /* Release */,
			);
			defaultConfigurationIsVisible = 0;
			defaultConfigurationName = Release;
		};
/* End XCConfigurationList section */

/* Begin XCVersionGroup section */
		F52C9A5E279B2D0400C0DB7A /* ToDoApp.xcdatamodeld */ = {
			isa = XCVersionGroup;
			children = (
				F52C9A5F279B2D0400C0DB7A /* ToDoApp.xcdatamodel */,
			);
			currentVersion = F52C9A5F279B2D0400C0DB7A /* ToDoApp.xcdatamodel */;
			path = ToDoApp.xcdatamodeld;
			sourceTree = "<group>";
			versionGroupType = wrapper.xcdatamodel;
		};
/* End XCVersionGroup section */
	};
	rootObject = F52C9A4A279B2D0400C0DB7A /* Project object */;
}
